
Microsoft Visual Studio Solution File, Format Version 12.00
# Visual Studio Version 16
VisualStudioVersion = 16.0.29123.88
MinimumVisualStudioVersion = 10.0.40219.1
Project("{8BC9CEB8-8B4A-11D0-8D11-00A0C91BC942}") = "PointCloudRendering", "PointCloudRendering\PointCloudRendering.vcxproj", "{CD460397-2919-4AC7-8319-12E8F41BDC3A}"
EndProject
Global
	GlobalSection(SolutionConfigurationPlatforms) = preSolution
		Debug|x64 = Debug|x64
		Debug|x86 = Debug|x86
		Release|x64 = Release|x64
		Release|x86 = Release|x86
	EndGlobalSection
	GlobalSection(ProjectConfigurationPlatforms) = postSolution
		{CD460397-2919-4AC7-8319-12E8F41BDC3A}.Debug|x64.ActiveCfg = Debug|x64
		{CD460397-2919-4AC7-8319-12E8F41BDC3A}.Debug|x64.Build.0 = Debug|x64
		{CD460397-2919-4AC7-8319-12E8F41BDC3A}.Debug|x86.ActiveCfg = Debug|Win32
		{CD460397-2919-4AC7-8319-12E8F41BDC3A}.Debug|x86.Build.0 = Debug|Win32
		{CD460397-2919-4AC7-8319-12E8F41BDC3A}.Release|x64.ActiveCfg = Release|x64
		{CD460397-2919-4AC7-8319-12E8F41BDC3A}.Release|x64.Build.0 = Release|x64
		{CD460397-2919-4AC7-8319-12E8F41BDC3A}.Release|x86.ActiveCfg = Release|Win32
		{CD460397-2919-4AC7-8319-12E8F41BDC3A}.Release|x86.Build.0 = Release|Win32
	EndGlobalSection
	GlobalSection(SolutionProperties) = preSolution
		HideSolutionNode = FALSE
	EndGlobalSection
	GlobalSection(ExtensibilityGlobals) = postSolution
		SolutionGuid = {119B874D-A6FD-41AB-AD32-4E5CEC1AC518}
	EndGlobalSection
EndGlobal
